PODS:
  - CashfreeAnalyticsSDK (2.2.0):
    - CFNetworkSDK (= 2.2.0)
  - CashfreePG (2.2.4):
    - CashfreePGUISDK (= 2.2.4)
  - CashfreePGCoreSDK (2.2.4):
    - CashfreeAnalyticsSDK (= 2.2.0)
  - CashfreePGUISDK (2.2.4):
    - CashfreePGCoreSDK (= 2.2.4)
  - CFNetworkSDK (2.2.0)
  - Flutter (1.0.0)
  - flutter_cashfree_pg_sdk (0.0.1):
    - CashfreePG (= 2.2.4)
    - Flutter
  - flutter_inappwebview_ios (0.0.1):
    - Flutter
    - flutter_inappwebview_ios/Core (= 0.0.1)
    - OrderedSet (~> 6.0.3)
  - flutter_inappwebview_ios/Core (0.0.1):
    - Flutter
    - OrderedSet (~> 6.0.3)
  - fluttertoast (0.0.2):
    - Flutter
  - OrderedSet (6.0.3)
  - razorpay-pod (1.4.2)
  - razorpay_flutter (1.1.10):
    - Flutter
    - razorpay-pod

DEPENDENCIES:
  - Flutter (from `Flutter`)
  - flutter_cashfree_pg_sdk (from `.symlinks/plugins/flutter_cashfree_pg_sdk/ios`)
  - flutter_inappwebview_ios (from `.symlinks/plugins/flutter_inappwebview_ios/ios`)
  - fluttertoast (from `.symlinks/plugins/fluttertoast/ios`)
  - razorpay_flutter (from `.symlinks/plugins/razorpay_flutter/ios`)

SPEC REPOS:
  trunk:
    - CashfreeAnalyticsSDK
    - CashfreePG
    - CashfreePGCoreSDK
    - CashfreePGUISDK
    - CFNetworkSDK
    - OrderedSet
    - razorpay-pod

EXTERNAL SOURCES:
  Flutter:
    :path: Flutter
  flutter_cashfree_pg_sdk:
    :path: ".symlinks/plugins/flutter_cashfree_pg_sdk/ios"
  flutter_inappwebview_ios:
    :path: ".symlinks/plugins/flutter_inappwebview_ios/ios"
  fluttertoast:
    :path: ".symlinks/plugins/fluttertoast/ios"
  razorpay_flutter:
    :path: ".symlinks/plugins/razorpay_flutter/ios"

SPEC CHECKSUMS:
  CashfreeAnalyticsSDK: ae25b71a54607c920d519103d154d9727ca2c15a
  CashfreePG: 6554c215b8eabc9fa13e59c847262b8ba6f29ff6
  CashfreePGCoreSDK: 133e1ba5aeb8a89bf2188eb3312c88fcad084c75
  CashfreePGUISDK: 5e943fcca20c45b66c9837bbb87ebbfb75c013a5
  CFNetworkSDK: 4e431b55f607544f5ca45bc1a36a13e602f51841
  Flutter: e0871f40cf51350855a761d2e70bf5af5b9b5de7
  flutter_cashfree_pg_sdk: acd52fb06332c1d2e58fc1df08435ce34b46fb25
  flutter_inappwebview_ios: 6f63631e2c62a7c350263b13fa5427aedefe81d4
  fluttertoast: 21eecd6935e7064cc1fcb733a4c5a428f3f24f0f
  OrderedSet: e539b66b644ff081c73a262d24ad552a69be3a94
  razorpay-pod: 77bdd9733b6ea81c9fbbd6b75fea6a09feab284e
  razorpay_flutter: 84b3bfd206ae9c9c2a9ba585524a1b3d8102b6c1

PODFILE CHECKSUM: 6b4fb95951ba95a810b599921c103483280051de

COCOAPODS: 1.16.2
